<?xml version="1.0" encoding="utf-8"?>
<Project ToolsVersion="16.0" xmlns="http://schemas.microsoft.com/developer/msbuild/2003">
  <ItemGroup>
    <ClCompile Include="D:\repos\Github\Beluga-Engine - Copy\SandBox\Src\Game.cpp">
      <Filter>Src</Filter>
    </ClCompile>
    <ClCompile Include="D:\repos\Github\Beluga-Engine - Copy\SandBox\Src\Main.cpp">
      <Filter>Src</Filter>
    </ClCompile>
  </ItemGroup>
  <ItemGroup>
    <ClInclude Include="D:\repos\Github\Beluga-Engine - Copy\SandBox\Include\Game.h">
      <Filter>Include</Filter>
    </ClInclude>
  </ItemGroup>
  <ItemGroup>
    <CustomBuild Include="D:\repos\Github\Beluga-Engine - Copy\SandBox\CMakeLists.txt" />
  </ItemGroup>
  <ItemGroup>
    <Filter Include="Include">
      <UniqueIdentifier>{37772776-6B76-360E-B11F-7C4E8D9B2CF9}</UniqueIdentifier>
    </Filter>
    <Filter Include="Src">
      <UniqueIdentifier>{985E9398-5019-3598-9590-36AAAE6C2584}</UniqueIdentifier>
    </Filter>
  </ItemGroup>
</Project>
