<?xml version="1.0" encoding="utf-8"?>
<Project ToolsVersion="16.0" xmlns="http://schemas.microsoft.com/developer/msbuild/2003">
  <ItemGroup>
    <ClCompile Include="D:\repos\Github\Beluga-Engine - Copy\Beluga\BelugaTest\Source\ActorTest.cpp">
      <Filter>Source Files</Filter>
    </ClCompile>
    <ClCompile Include="D:\repos\Github\Beluga-Engine - Copy\Beluga\BelugaTest\Source\AudioTest.cpp">
      <Filter>Source Files</Filter>
    </ClCompile>
    <ClCompile Include="D:\repos\Github\Beluga-Engine - Copy\Beluga\BelugaTest\Source\BelugaTest.cpp">
      <Filter>Source Files</Filter>
    </ClCompile>
    <ClCompile Include="D:\repos\Github\Beluga-Engine - Copy\Beluga\BelugaTest\Source\GraphicsTest.cpp">
      <Filter>Source Files</Filter>
    </ClCompile>
    <ClCompile Include="D:\repos\Github\Beluga-Engine - Copy\Beluga\BelugaTest\Source\InputTest.cpp">
      <Filter>Source Files</Filter>
    </ClCompile>
    <ClCompile Include="D:\repos\Github\Beluga-Engine - Copy\Beluga\BelugaTest\Source\LoggingTest.cpp">
      <Filter>Source Files</Filter>
    </ClCompile>
    <ClCompile Include="D:\repos\Github\Beluga-Engine - Copy\Beluga\BelugaTest\Source\SystemTest.cpp">
      <Filter>Source Files</Filter>
    </ClCompile>
    <ClCompile Include="D:\repos\Github\Beluga-Engine - Copy\Beluga\BelugaTest\Source\VectorTest.cpp">
      <Filter>Source Files</Filter>
    </ClCompile>
  </ItemGroup>
  <ItemGroup>
    <ClInclude Include="D:\repos\Github\Beluga-Engine - Copy\Beluga\BelugaTest\Include\TestApp.h">
      <Filter>Source Files</Filter>
    </ClInclude>
  </ItemGroup>
  <ItemGroup>
    <CustomBuild Include="D:\repos\Github\Beluga-Engine - Copy\Beluga\BelugaTest\CMakeLists.txt" />
  </ItemGroup>
  <ItemGroup>
    <Filter Include="Source Files">
      <UniqueIdentifier>{A0794263-F4A3-3244-9560-54EA3A17F057}</UniqueIdentifier>
    </Filter>
  </ItemGroup>
</Project>
