<?xml version="1.0" encoding="utf-8"?>
<Project ToolsVersion="16.0" xmlns="http://schemas.microsoft.com/developer/msbuild/2003">
  <ItemGroup>
    <ClCompile Include="D:\repos\Github\Beluga-Engine - Copy\Beluga\Source\Actor\Actor.cpp">
      <Filter>Actors</Filter>
    </ClCompile>
    <ClCompile Include="D:\repos\Github\Beluga-Engine - Copy\Beluga\Source\Audio\Audio.cpp">
      <Filter>Audio</Filter>
    </ClCompile>
    <ClCompile Include="D:\repos\Github\Beluga-Engine - Copy\Beluga\Source\Core\Camera\Camera.cpp">
      <Filter>Core\Camera</Filter>
    </ClCompile>
    <ClCompile Include="D:\repos\Github\Beluga-Engine - Copy\Beluga\Source\Core\Layers\ApplicationLayer.cpp">
      <Filter>Core\Layers</Filter>
    </ClCompile>
    <ClCompile Include="D:\repos\Github\Beluga-Engine - Copy\Beluga\Source\Core\Layers\GameLayer.cpp">
      <Filter>Core\Layers</Filter>
    </ClCompile>
    <ClCompile Include="D:\repos\Github\Beluga-Engine - Copy\Beluga\Source\Log\Logging.cpp">
      <Filter>Core\Log</Filter>
    </ClCompile>
    <ClCompile Include="D:\repos\Github\Beluga-Engine - Copy\Beluga\Source\Events\Events.cpp">
      <Filter>Events</Filter>
    </ClCompile>
    <ClCompile Include="D:\repos\Github\Beluga-Engine - Copy\Beluga\Source\Events\Processes.cpp">
      <Filter>Events</Filter>
    </ClCompile>
    <ClCompile Include="D:\repos\Github\Beluga-Engine - Copy\Beluga\Source\GUI\GUI.cpp">
      <Filter>GUI</Filter>
    </ClCompile>
    <ClCompile Include="D:\repos\Github\Beluga-Engine - Copy\Beluga\Source\Graphics\Graphics.cpp">
      <Filter>Graphics</Filter>
    </ClCompile>
    <ClCompile Include="D:\repos\Github\Beluga-Engine - Copy\Beluga\Source\Input\Input.cpp">
      <Filter>Input</Filter>
    </ClCompile>
    <ClCompile Include="D:\repos\Github\Beluga-Engine - Copy\Beluga\Source\Levels\Level.cpp">
      <Filter>Level</Filter>
    </ClCompile>
    <ClCompile Include="D:\repos\Github\Beluga-Engine - Copy\Beluga\Source\Parshing\tinyxml2.cpp">
      <Filter>Parshing</Filter>
    </ClCompile>
    <ClCompile Include="D:\repos\Github\Beluga-Engine - Copy\Beluga\Source\Physics\Physics.cpp">
      <Filter>Physics</Filter>
    </ClCompile>
    <ClCompile Include="D:\repos\Github\Beluga-Engine - Copy\Beluga\Source\Physics\PhysicsShape.cpp">
      <Filter>Physics</Filter>
    </ClCompile>
    <ClCompile Include="D:\repos\Github\Beluga-Engine - Copy\Beluga\Source\Resources\Resource.cpp">
      <Filter>Resources</Filter>
    </ClCompile>
    <ClCompile Include="D:\repos\Github\Beluga-Engine - Copy\Beluga\Source\Scripting\Scripting.cpp">
      <Filter>Scripting</Filter>
    </ClCompile>
    <ClCompile Include="D:\repos\Github\Beluga-Engine - Copy\Beluga\Source\Systems\HardwareResource.cpp">
      <Filter>System</Filter>
    </ClCompile>
    <ClCompile Include="D:\repos\Github\Beluga-Engine - Copy\Beluga\Source\Systems\System.cpp">
      <Filter>System</Filter>
    </ClCompile>
  </ItemGroup>
  <ItemGroup>
    <ClInclude Include="D:\repos\Github\Beluga-Engine - Copy\Beluga\Include\Actors\Actor.h">
      <Filter>Actors</Filter>
    </ClInclude>
    <ClInclude Include="D:\repos\Github\Beluga-Engine - Copy\Beluga\Include\Audio\Audio.h">
      <Filter>Audio</Filter>
    </ClInclude>
    <ClInclude Include="D:\repos\Github\Beluga-Engine - Copy\Beluga\Include\Core\Camera\Camera.h">
      <Filter>Core\Camera</Filter>
    </ClInclude>
    <ClInclude Include="D:\repos\Github\Beluga-Engine - Copy\Beluga\Include\Core\Layers\ApplicationLayer.h">
      <Filter>Core\Layers</Filter>
    </ClInclude>
    <ClInclude Include="D:\repos\Github\Beluga-Engine - Copy\Beluga\Include\Core\Layers\GameLayer.h">
      <Filter>Core\Layers</Filter>
    </ClInclude>
    <ClInclude Include="D:\repos\Github\Beluga-Engine - Copy\Beluga\Include\Core\Layers\View.h">
      <Filter>Core\Layers</Filter>
    </ClInclude>
    <ClInclude Include="D:\repos\Github\Beluga-Engine - Copy\Beluga\Include\Log\Logging.h">
      <Filter>Core\Log</Filter>
    </ClInclude>
    <ClInclude Include="D:\repos\Github\Beluga-Engine - Copy\Beluga\Include\Core\Math\MathHelper.h">
      <Filter>Core\Math</Filter>
    </ClInclude>
    <ClInclude Include="D:\repos\Github\Beluga-Engine - Copy\Beluga\Include\Core\Math\Vector2.h">
      <Filter>Core\Math</Filter>
    </ClInclude>
    <ClInclude Include="D:\repos\Github\Beluga-Engine - Copy\Beluga\Include\Core\Util\GUID_Helper.h">
      <Filter>Core\Utility</Filter>
    </ClInclude>
    <ClInclude Include="D:\repos\Github\Beluga-Engine - Copy\Beluga\Include\Events\Events.h">
      <Filter>Events</Filter>
    </ClInclude>
    <ClInclude Include="D:\repos\Github\Beluga-Engine - Copy\Beluga\Include\Events\Processes.h">
      <Filter>Events</Filter>
    </ClInclude>
    <ClInclude Include="D:\repos\Github\Beluga-Engine - Copy\Beluga\Include\GUI\GUI.h">
      <Filter>GUI</Filter>
    </ClInclude>
    <ClInclude Include="D:\repos\Github\Beluga-Engine - Copy\Beluga\Include\Graphics\Graphics.h">
      <Filter>Graphics</Filter>
    </ClInclude>
    <ClInclude Include="D:\repos\Github\Beluga-Engine - Copy\Beluga\Include\Input\Input.h">
      <Filter>Input</Filter>
    </ClInclude>
    <ClInclude Include="D:\repos\Github\Beluga-Engine - Copy\Beluga\Include\Levels\Level.h">
      <Filter>Level</Filter>
    </ClInclude>
    <ClInclude Include="D:\repos\Github\Beluga-Engine - Copy\Beluga\Include\Parshing\tinyxml2.h">
      <Filter>Parshing</Filter>
    </ClInclude>
    <ClInclude Include="D:\repos\Github\Beluga-Engine - Copy\Beluga\Include\Physics\Physics.h">
      <Filter>Physics</Filter>
    </ClInclude>
    <ClInclude Include="D:\repos\Github\Beluga-Engine - Copy\Beluga\Include\Physics\PhysicsShape.h">
      <Filter>Physics</Filter>
    </ClInclude>
    <ClInclude Include="D:\repos\Github\Beluga-Engine - Copy\Beluga\Include\Resources\Resource.h">
      <Filter>Resources</Filter>
    </ClInclude>
    <ClInclude Include="D:\repos\Github\Beluga-Engine - Copy\Beluga\Include\Scripting\Scripting.h">
      <Filter>Scripting</Filter>
    </ClInclude>
    <ClInclude Include="D:\repos\Github\Beluga-Engine - Copy\Beluga\Include\Scripting\lauxlib.h">
      <Filter>Scripting\Lua</Filter>
    </ClInclude>
    <ClInclude Include="D:\repos\Github\Beluga-Engine - Copy\Beluga\Include\Scripting\lua.h">
      <Filter>Scripting\Lua</Filter>
    </ClInclude>
    <ClInclude Include="D:\repos\Github\Beluga-Engine - Copy\Beluga\Include\Scripting\lua.hpp">
      <Filter>Scripting\Lua</Filter>
    </ClInclude>
    <ClInclude Include="D:\repos\Github\Beluga-Engine - Copy\Beluga\Include\Scripting\luaconf.h">
      <Filter>Scripting\Lua</Filter>
    </ClInclude>
    <ClInclude Include="D:\repos\Github\Beluga-Engine - Copy\Beluga\Include\Scripting\lualib.h">
      <Filter>Scripting\Lua</Filter>
    </ClInclude>
    <ClInclude Include="D:\repos\Github\Beluga-Engine - Copy\Beluga\Include\Systems\HardwareResource.h">
      <Filter>System</Filter>
    </ClInclude>
    <ClInclude Include="D:\repos\Github\Beluga-Engine - Copy\Beluga\Include\Systems\System.h">
      <Filter>System</Filter>
    </ClInclude>
  </ItemGroup>
  <ItemGroup>
    <CustomBuild Include="D:\repos\Github\Beluga-Engine - Copy\Beluga\CMakeLists.txt" />
  </ItemGroup>
  <ItemGroup>
    <Filter Include="Actors">
      <UniqueIdentifier>{4BC06433-1648-3A4B-9080-DF0012170294}</UniqueIdentifier>
    </Filter>
    <Filter Include="Audio">
      <UniqueIdentifier>{5DAC81FD-A2BA-37D2-AD54-30A76D30F791}</UniqueIdentifier>
    </Filter>
    <Filter Include="Core">
      <UniqueIdentifier>{662EF8A4-3E7A-3C27-A373-D55D54899040}</UniqueIdentifier>
    </Filter>
    <Filter Include="Core\Camera">
      <UniqueIdentifier>{A98A56BB-358C-3E4A-B530-BE0B0A496DCB}</UniqueIdentifier>
    </Filter>
    <Filter Include="Core\Layers">
      <UniqueIdentifier>{2E12A247-6C70-3E5B-8C26-93735BC79E54}</UniqueIdentifier>
    </Filter>
    <Filter Include="Core\Log">
      <UniqueIdentifier>{73035B81-82BB-32F4-B876-65F6212A9E88}</UniqueIdentifier>
    </Filter>
    <Filter Include="Core\Math">
      <UniqueIdentifier>{629382E5-D38A-343C-8CC3-1838083E836E}</UniqueIdentifier>
    </Filter>
    <Filter Include="Core\Utility">
      <UniqueIdentifier>{B9A1B2D1-54ED-30D3-AD6B-4D2C95AE8962}</UniqueIdentifier>
    </Filter>
    <Filter Include="Events">
      <UniqueIdentifier>{FB2942EE-5728-3F4B-B2AE-FEC0E05706A4}</UniqueIdentifier>
    </Filter>
    <Filter Include="GUI">
      <UniqueIdentifier>{882E5EAB-243D-32BF-8EF2-00D673B42EA5}</UniqueIdentifier>
    </Filter>
    <Filter Include="Graphics">
      <UniqueIdentifier>{C991838C-824F-38DE-8773-3279D78545AA}</UniqueIdentifier>
    </Filter>
    <Filter Include="Input">
      <UniqueIdentifier>{C33ADDFA-90A1-35FD-81E8-528DADA43A5F}</UniqueIdentifier>
    </Filter>
    <Filter Include="Level">
      <UniqueIdentifier>{FE66EBE3-9CCC-31B6-A103-E957232222FA}</UniqueIdentifier>
    </Filter>
    <Filter Include="Parshing">
      <UniqueIdentifier>{D626F893-F19D-342D-8A5B-507C42264F42}</UniqueIdentifier>
    </Filter>
    <Filter Include="Physics">
      <UniqueIdentifier>{9223B312-B601-30B5-B683-6FADF6D3F639}</UniqueIdentifier>
    </Filter>
    <Filter Include="Resources">
      <UniqueIdentifier>{D552B5E2-2F96-399A-A260-D0B6C20D4C01}</UniqueIdentifier>
    </Filter>
    <Filter Include="Scripting">
      <UniqueIdentifier>{64A43939-E244-3FF9-AC1D-E69EB76A9827}</UniqueIdentifier>
    </Filter>
    <Filter Include="Scripting\Lua">
      <UniqueIdentifier>{61594A97-F0DF-3AD4-84A3-04E7CA042A88}</UniqueIdentifier>
    </Filter>
    <Filter Include="System">
      <UniqueIdentifier>{87A9DC2C-E144-38F0-ABF2-9137DC4FE4AB}</UniqueIdentifier>
    </Filter>
  </ItemGroup>
</Project>
